PODS:
  - Factory (1.3.6)
  - KMPNativeCoroutinesAsync (1.0.0-ALPHA-5):
    - KMPNativeCoroutinesCore (= 1.0.0-ALPHA-5)
  - KMPNativeCoroutinesCombine (1.0.0-ALPHA-5):
    - KMPNativeCoroutinesCore (= 1.0.0-ALPHA-5)
  - KMPNativeCoroutinesCore (1.0.0-ALPHA-5)
  - shared (1.0)

DEPENDENCIES:
  - Factory (= 1.3.6)
  - KMPNativeCoroutinesAsync (= 1.0.0-ALPHA-5)
  - KMPNativeCoroutinesCombine (= 1.0.0-ALPHA-5)
  - shared (from `../shared`)

SPEC REPOS:
  trunk:
    - Factory
    - KMPNativeCoroutinesAsync
    - KMPNativeCoroutinesCombine
    - KMPNativeCoroutinesCore

EXTERNAL SOURCES:
  shared:
    :path: "../shared"

SPEC CHECKSUMS:
  Factory: cd65aeedf349b1869274b4910d832f6f07724782
  KMPNativeCoroutinesAsync: 68068b8f4d5841cf136d52b618f981b5c273ef27
  KMPNativeCoroutinesCombine: 64ad489a46585ef25f7b4d81d27fdb96e669847b
  KMPNativeCoroutinesCore: ac553bc11d77f385cdf78f32d56501a3d5d3eef8
  shared: 9b957afbd926773fa106f9e4d7314c864b0e9179

PODFILE CHECKSUM: 3e6e1ede91bd69a40b86f131e5782a3b20b876e3

COCOAPODS: 1.11.3
