PODS:
  - KMPNativeCoroutinesAsync (1.0.0-ALPHA-6):
    - KMPNativeCoroutinesCore (= 1.0.0-ALPHA-6)
  - KMPNativeCoroutinesCombine (1.0.0-ALPHA-6):
    - KMPNativeCoroutinesCore (= 1.0.0-ALPHA-6)
  - KMPNativeCoroutinesCore (1.0.0-ALPHA-6)
  - shared (1.0)

DEPENDENCIES:
  - KMPNativeCoroutinesAsync (= 1.0.0-ALPHA-6)
  - KMPNativeCoroutinesCombine (= 1.0.0-ALPHA-6)
  - shared (from `../shared`)

SPEC REPOS:
  trunk:
    - KMPNativeCoroutinesAsync
    - KMPNativeCoroutinesCombine
    - KMPNativeCoroutinesCore

EXTERNAL SOURCES:
  shared:
    :path: "../shared"

SPEC CHECKSUMS:
  KMPNativeCoroutinesAsync: 05e23198a8607af5abbb016beeed5586ab69d40e
  KMPNativeCoroutinesCombine: b3eed8645d4999fcef248a22bea8880bde18fbd9
  KMPNativeCoroutinesCore: ee5236cd93d3f96c594d3d7ea4245739cb06a367
  shared: 9b957afbd926773fa106f9e4d7314c864b0e9179

PODFILE CHECKSUM: 973be3e1f1f540fadbaee917e0335255daefd87a

COCOAPODS: 1.12.0
