PODS:
  - Factory (1.3.1)
  - KMPNativeCoroutinesAsync (1.0.0-ALPHA-4):
    - KMPNativeCoroutinesCore (= 1.0.0-ALPHA-4)
  - KMPNativeCoroutinesCombine (1.0.0-ALPHA-4):
    - KMPNativeCoroutinesCore (= 1.0.0-ALPHA-4)
  - KMPNativeCoroutinesCore (1.0.0-ALPHA-4)
  - shared (1.0)

DEPENDENCIES:
  - Factory (= 1.3.1)
  - KMPNativeCoroutinesAsync (= 1.0.0-ALPHA-4)
  - KMPNativeCoroutinesCombine (= 1.0.0-ALPHA-4)
  - shared (from `../shared`)

SPEC REPOS:
  trunk:
    - Factory
    - KMPNativeCoroutinesAsync
    - KMPNativeCoroutinesCombine
    - KMPNativeCoroutinesCore

EXTERNAL SOURCES:
  shared:
    :path: "../shared"

SPEC CHECKSUMS:
  Factory: 35ffd42df6029dd644cdbd8d9fe6cff19fac8d88
  KMPNativeCoroutinesAsync: 70e9edb1cced4433bc4528876d410e21e8364d72
  KMPNativeCoroutinesCombine: 886b9f8b8aa1707de83db5d424915e9a5edc5794
  KMPNativeCoroutinesCore: 205faa08d2486ecc3ac29f88063c858a85b33de7
  shared: 9b957afbd926773fa106f9e4d7314c864b0e9179

PODFILE CHECKSUM: 376f18eec52a29568bd4b690778170c4f81e510f

COCOAPODS: 1.11.3
